
Microsoft Visual Studio Solution File, Format Version 12.00
# Visual Studio Version 16
VisualStudioVersion = 16.0.31911.196
MinimumVisualStudioVersion = 10.0.40219.1
Project("{FAE04EC0-301F-11D3-BF4B-00C04F79EFBC}") = "RezervacijaHotela", "RezervacijaHotela\RezervacijaHotela.csproj", "{FE34A012-2AE3-41FA-B5F2-3D524B46CE18}"
EndProject
Project("{54435603-DBB4-11D2-8724-00A0C9A8B90C}") = "HotelRezervacija", "HotelRezervacija\HotelRezervacija.vdproj", "{2AF97C9A-E79D-47BF-894C-4BB7840B0561}"
EndProject
Project("{54435603-DBB4-11D2-8724-00A0C9A8B90C}") = "Hotel Rezervacija", "Hotel Rezervacija\Hotel Rezervacija.vdproj", "{8C0AF786-8614-4B6E-8055-E8AA63275566}"
EndProject
Global
	GlobalSection(SolutionConfigurationPlatforms) = preSolution
		Debug|Any CPU = Debug|Any CPU
		Release|Any CPU = Release|Any CPU
	EndGlobalSection
	GlobalSection(ProjectConfigurationPlatforms) = postSolution
		{FE34A012-2AE3-41FA-B5F2-3D524B46CE18}.Debug|Any CPU.ActiveCfg = Debug|Any CPU
		{FE34A012-2AE3-41FA-B5F2-3D524B46CE18}.Debug|Any CPU.Build.0 = Debug|Any CPU
		{FE34A012-2AE3-41FA-B5F2-3D524B46CE18}.Release|Any CPU.ActiveCfg = Release|Any CPU
		{FE34A012-2AE3-41FA-B5F2-3D524B46CE18}.Release|Any CPU.Build.0 = Release|Any CPU
		{2AF97C9A-E79D-47BF-894C-4BB7840B0561}.Debug|Any CPU.ActiveCfg = Debug
		{2AF97C9A-E79D-47BF-894C-4BB7840B0561}.Release|Any CPU.ActiveCfg = Release
		{8C0AF786-8614-4B6E-8055-E8AA63275566}.Debug|Any CPU.ActiveCfg = Debug
		{8C0AF786-8614-4B6E-8055-E8AA63275566}.Release|Any CPU.ActiveCfg = Release
	EndGlobalSection
	GlobalSection(SolutionProperties) = preSolution
		HideSolutionNode = FALSE
	EndGlobalSection
	GlobalSection(ExtensibilityGlobals) = postSolution
		SolutionGuid = {5D3ABDD0-66DA-40EA-84EF-6A944512C42F}
	EndGlobalSection
EndGlobal
